PODS:
  - AsyncDisplayKit (2.2.1):
    - AsyncDisplayKit/PINRemoteImage (= 2.2.1)
  - AsyncDisplayKit/Core (2.2.1)
  - AsyncDisplayKit/PINRemoteImage (2.2.1):
    - AsyncDisplayKit/Core
    - PINRemoteImage/iOS (= 3.0.0-beta.8)
    - PINRemoteImage/PINCache
  - CYLTabBarController (1.28.5):
    - CYLTabBarController/Core (= 1.28.5)
  - CYLTabBarController/Core (1.28.5)
  - DZNEmptyDataSet (1.8.1)
  - FMDB (2.7.5):
    - FMDB/standard (= 2.7.5)
  - FMDB/standard (2.7.5)
  - GPUImage (0.1.7)
  - IGListKit (3.4.0):
    - IGListKit/Default (= 3.4.0)
  - IGListKit/Default (3.4.0):
    - IGListKit/Diffing
  - IGListKit/Diffing (3.4.0)
  - JSONModel (1.8.0)
  - LEEAlert (1.3.3)
  - Masonry (1.1.0)
  - MJExtension (3.2.1)
  - MJRefresh (3.3.1)
  - PINCache (3.0.1-beta.4):
    - PINCache/Arc-exception-safe (= 3.0.1-beta.4)
    - PINCache/Core (= 3.0.1-beta.4)
  - PINCache/Arc-exception-safe (3.0.1-beta.4):
    - PINCache/Core
  - PINCache/Core (3.0.1-beta.4):
    - PINOperation (= 1.0.3)
  - PINOperation (1.0.3)
  - PINRemoteImage/Core (3.0.0-beta.8)
  - PINRemoteImage/iOS (3.0.0-beta.8):
    - PINRemoteImage/Core
  - PINRemoteImage/PINCache (3.0.0-beta.8):
    - PINCache (= 3.0.1-beta.4)
    - PINRemoteImage/Core
  - SDWebImage (5.4.2):
    - SDWebImage/Core (= 5.4.2)
  - SDWebImage/Core (5.4.2)
  - SVProgressHUD (2.2.5)
  - SWTableViewCell (0.3.7)
  - TYAttributedLabel (2.6.6)
  - YYKit (1.0.9):
    - YYKit/no-arc (= 1.0.9)
  - YYKit/no-arc (1.0.9)

DEPENDENCIES:
  - AsyncDisplayKit
  - CYLTabBarController
  - DZNEmptyDataSet
  - FMDB
  - GPUImage
  - IGListKit
  - JSONModel
  - LEEAlert
  - Masonry
  - MJExtension
  - MJRefresh
  - SDWebImage
  - SVProgressHUD
  - SWTableViewCell
  - TYAttributedLabel
  - YYKit

SPEC REPOS:
  trunk:
    - AsyncDisplayKit
    - CYLTabBarController
    - DZNEmptyDataSet
    - FMDB
    - GPUImage
    - IGListKit
    - JSONModel
    - LEEAlert
    - Masonry
    - MJExtension
    - MJRefresh
    - PINCache
    - PINOperation
    - PINRemoteImage
    - SDWebImage
    - SVProgressHUD
    - SWTableViewCell
    - TYAttributedLabel
    - YYKit

SPEC CHECKSUMS:
  AsyncDisplayKit: 2234dd8d8770a5ed72936b3f8394bd5a807765f6
  CYLTabBarController: edd9fecba9afa3f2e9e44ed50ca6dde69941f25f
  DZNEmptyDataSet: 9525833b9e68ac21c30253e1d3d7076cc828eaa7
  FMDB: 2ce00b547f966261cd18927a3ddb07cb6f3db82a
  GPUImage: 733a5f0fab92df9de1c37ba9df520a833ccb406d
  IGListKit: 7a5d788e9fb746bcd402baa8e8b24bc3bd2a5a07
  JSONModel: 02ab723958366a3fd27da57ea2af2113658762e9
  LEEAlert: fa1547e66bc393a1bd79695f112146c9c3f7f1c5
  Masonry: 678fab65091a9290e40e2832a55e7ab731aad201
  MJExtension: 635f2c663dcb1bf76fa4b715b2570a5710aec545
  MJRefresh: eeda70fbf0ad277f3178cef1cd0c3532591d6237
  PINCache: a89c8f609232afac77128557bd12c861844423d7
  PINOperation: ac23db44796d4a564ecf9b5ea7163510f579b71d
  PINRemoteImage: c4f9f16932840c597f32e69dd288e10e111a1929
  SDWebImage: 4ca2dc4eefae4224bea8f504251cda485a363745
  SVProgressHUD: 1428aafac632c1f86f62aa4243ec12008d7a51d6
  SWTableViewCell: 2a94aadc9d47b2b611fa064566bf57948b95b579
  TYAttributedLabel: cb8fc910d97eb5224936d4f692a78e042af691b2
  YYKit: 7cda43304a8dc3696c449041e2cb3107b4e236e7

PODFILE CHECKSUM: 9c0aacf6c7310591bb848334aca8d284d5645956

COCOAPODS: 1.8.0
