PODS:
  - GPUImage (0.1.7)
  - IGListKit (3.4.0):
    - IGListKit/Default (= 3.4.0)
  - IGListKit/Default (3.4.0):
    - IGListKit/Diffing
  - IGListKit/Diffing (3.4.0)
  - JSONModel (1.7.0)
  - LEEAlert (1.1.8)
  - Masonry (1.1.0)
  - SDWebImage (4.4.1):
    - SDWebImage/Core (= 4.4.1)
  - SDWebImage/Core (4.4.1)
  - SVProgressHUD (2.2.5)
  - TYAttributedLabel (2.6.6)

DEPENDENCIES:
  - GPUImage (~> 0.1.7)
  - IGListKit
  - JSONModel
  - LEEAlert
  - Masonry
  - SDWebImage
  - SVProgressHUD
  - TYAttributedLabel (~> 2.6.2)

SPEC REPOS:
  https://github.com/CocoaPods/Specs.git:
    - GPUImage
    - IGListKit
    - JSONModel
    - LEEAlert
    - Masonry
    - SDWebImage
    - SVProgressHUD
    - TYAttributedLabel

SPEC CHECKSUMS:
  GPUImage: 733a5f0fab92df9de1c37ba9df520a833ccb406d
  IGListKit: 7a5d788e9fb746bcd402baa8e8b24bc3bd2a5a07
  JSONModel: 840bc0fcffb24b8454d2c026bf26fea454b8e98d
  LEEAlert: e264af2c9bffd1dbf95d56c9f3df53fba52443c2
  Masonry: 678fab65091a9290e40e2832a55e7ab731aad201
  SDWebImage: 47e9b5b925cbce75946c23f0c42dd19464189af4
  SVProgressHUD: 1428aafac632c1f86f62aa4243ec12008d7a51d6
  TYAttributedLabel: cb8fc910d97eb5224936d4f692a78e042af691b2

PODFILE CHECKSUM: d3e3d499a1fed041eaafcfb2550321eeb6c29eca

COCOAPODS: 1.5.0.beta.1
